
Microsoft Visual Studio Solution File, Format Version 12.00
# Visual Studio Version 17
VisualStudioVersion = 17.0.32014.148
MinimumVisualStudioVersion = 10.0.40219.1
Project("{FAE04EC0-301F-11D3-BF4B-00C04F79EFBC}") = "Bakehouse.API", "Bakehouse.API\Bakehouse.API.csproj", "{14F99315-C7E5-4441-95B2-C518B1531493}"
EndProject
Project("{FAE04EC0-301F-11D3-BF4B-00C04F79EFBC}") = "Bakehouse.Infrastructure", "Bakehouse.Infrastructure\Bakehouse.Infrastructure.csproj", "{2F348207-EB62-494E-90E7-7CD0F4EF0076}"
EndProject
Project("{FAE04EC0-301F-11D3-BF4B-00C04F79EFBC}") = "Bakehouse.Core", "Bakehouse.Core\Bakehouse.Core.csproj", "{B1A4A03C-1591-4BE1-BBA3-BE9C181E37E6}"
EndProject
Project("{FAE04EC0-301F-11D3-BF4B-00C04F79EFBC}") = "Bakehouse.Communication", "Bakehouse.Communication\Bakehouse.Communication.csproj", "{F3B7759B-B4C8-4F55-B9D3-88E7C9AFF633}"
EndProject
Project("{FAE04EC0-301F-11D3-BF4B-00C04F79EFBC}") = "Bakehouse.Helpers", "Bakehouse.Helpers\Bakehouse.Helpers.csproj", "{DD41470A-87EA-4927-AF89-FCB730751F23}"
EndProject
Global
	GlobalSection(SolutionConfigurationPlatforms) = preSolution
		Debug|Any CPU = Debug|Any CPU
		Release|Any CPU = Release|Any CPU
	EndGlobalSection
	GlobalSection(ProjectConfigurationPlatforms) = postSolution
		{14F99315-C7E5-4441-95B2-C518B1531493}.Debug|Any CPU.ActiveCfg = Debug|Any CPU
		{14F99315-C7E5-4441-95B2-C518B1531493}.Debug|Any CPU.Build.0 = Debug|Any CPU
		{14F99315-C7E5-4441-95B2-C518B1531493}.Release|Any CPU.ActiveCfg = Release|Any CPU
		{14F99315-C7E5-4441-95B2-C518B1531493}.Release|Any CPU.Build.0 = Release|Any CPU
		{2F348207-EB62-494E-90E7-7CD0F4EF0076}.Debug|Any CPU.ActiveCfg = Debug|Any CPU
		{2F348207-EB62-494E-90E7-7CD0F4EF0076}.Debug|Any CPU.Build.0 = Debug|Any CPU
		{2F348207-EB62-494E-90E7-7CD0F4EF0076}.Release|Any CPU.ActiveCfg = Release|Any CPU
		{2F348207-EB62-494E-90E7-7CD0F4EF0076}.Release|Any CPU.Build.0 = Release|Any CPU
		{B1A4A03C-1591-4BE1-BBA3-BE9C181E37E6}.Debug|Any CPU.ActiveCfg = Debug|Any CPU
		{B1A4A03C-1591-4BE1-BBA3-BE9C181E37E6}.Debug|Any CPU.Build.0 = Debug|Any CPU
		{B1A4A03C-1591-4BE1-BBA3-BE9C181E37E6}.Release|Any CPU.ActiveCfg = Release|Any CPU
		{B1A4A03C-1591-4BE1-BBA3-BE9C181E37E6}.Release|Any CPU.Build.0 = Release|Any CPU
		{F3B7759B-B4C8-4F55-B9D3-88E7C9AFF633}.Debug|Any CPU.ActiveCfg = Debug|Any CPU
		{F3B7759B-B4C8-4F55-B9D3-88E7C9AFF633}.Debug|Any CPU.Build.0 = Debug|Any CPU
		{F3B7759B-B4C8-4F55-B9D3-88E7C9AFF633}.Release|Any CPU.ActiveCfg = Release|Any CPU
		{F3B7759B-B4C8-4F55-B9D3-88E7C9AFF633}.Release|Any CPU.Build.0 = Release|Any CPU
		{DD41470A-87EA-4927-AF89-FCB730751F23}.Debug|Any CPU.ActiveCfg = Debug|Any CPU
		{DD41470A-87EA-4927-AF89-FCB730751F23}.Debug|Any CPU.Build.0 = Debug|Any CPU
		{DD41470A-87EA-4927-AF89-FCB730751F23}.Release|Any CPU.ActiveCfg = Release|Any CPU
		{DD41470A-87EA-4927-AF89-FCB730751F23}.Release|Any CPU.Build.0 = Release|Any CPU
	EndGlobalSection
	GlobalSection(SolutionProperties) = preSolution
		HideSolutionNode = FALSE
	EndGlobalSection
	GlobalSection(ExtensibilityGlobals) = postSolution
		SolutionGuid = {3E9DB86B-CFB0-465B-B72A-9C245430A14F}
	EndGlobalSection
EndGlobal
